
Microsoft Visual Studio Solution File, Format Version 12.00
# Visual Studio Version 16
VisualStudioVersion = 16.0.30128.74
MinimumVisualStudioVersion = 10.0.40219.1
Project("{FAE04EC0-301F-11D3-BF4B-00C04F79EFBC}") = "SEC.UI", "SEC.UI\SEC.UI.csproj", "{6CE833E2-ACA1-4F53-B47F-CDAC4F8AD742}"
EndProject
Project("{FAE04EC0-301F-11D3-BF4B-00C04F79EFBC}") = "SEC.Services", "SEC.Services\SEC.Services.csproj", "{D332F418-7950-40CA-9B1E-7F1DE296229D}"
EndProject
Project("{FAE04EC0-301F-11D3-BF4B-00C04F79EFBC}") = "SEC.Utilities", "SEC.Utilities\SEC.Utilities.csproj", "{B4136374-8A15-47F0-A24D-8F5908B357A3}"
EndProject
Project("{FAE04EC0-301F-11D3-BF4B-00C04F79EFBC}") = "SEC.Service.Test", "SEC.Service.Test\SEC.Service.Test.csproj", "{5C1CBBD6-1776-47AC-B751-C39734DEAF69}"
EndProject
Global
	GlobalSection(SolutionConfigurationPlatforms) = preSolution
		Debug|Any CPU = Debug|Any CPU
		Release|Any CPU = Release|Any CPU
	EndGlobalSection
	GlobalSection(ProjectConfigurationPlatforms) = postSolution
		{6CE833E2-ACA1-4F53-B47F-CDAC4F8AD742}.Debug|Any CPU.ActiveCfg = Debug|Any CPU
		{6CE833E2-ACA1-4F53-B47F-CDAC4F8AD742}.Debug|Any CPU.Build.0 = Debug|Any CPU
		{6CE833E2-ACA1-4F53-B47F-CDAC4F8AD742}.Release|Any CPU.ActiveCfg = Release|Any CPU
		{6CE833E2-ACA1-4F53-B47F-CDAC4F8AD742}.Release|Any CPU.Build.0 = Release|Any CPU
		{D332F418-7950-40CA-9B1E-7F1DE296229D}.Debug|Any CPU.ActiveCfg = Debug|Any CPU
		{D332F418-7950-40CA-9B1E-7F1DE296229D}.Debug|Any CPU.Build.0 = Debug|Any CPU
		{D332F418-7950-40CA-9B1E-7F1DE296229D}.Release|Any CPU.ActiveCfg = Release|Any CPU
		{D332F418-7950-40CA-9B1E-7F1DE296229D}.Release|Any CPU.Build.0 = Release|Any CPU
		{B4136374-8A15-47F0-A24D-8F5908B357A3}.Debug|Any CPU.ActiveCfg = Debug|Any CPU
		{B4136374-8A15-47F0-A24D-8F5908B357A3}.Debug|Any CPU.Build.0 = Debug|Any CPU
		{B4136374-8A15-47F0-A24D-8F5908B357A3}.Release|Any CPU.ActiveCfg = Release|Any CPU
		{B4136374-8A15-47F0-A24D-8F5908B357A3}.Release|Any CPU.Build.0 = Release|Any CPU
		{5C1CBBD6-1776-47AC-B751-C39734DEAF69}.Debug|Any CPU.ActiveCfg = Debug|Any CPU
		{5C1CBBD6-1776-47AC-B751-C39734DEAF69}.Debug|Any CPU.Build.0 = Debug|Any CPU
		{5C1CBBD6-1776-47AC-B751-C39734DEAF69}.Release|Any CPU.ActiveCfg = Release|Any CPU
		{5C1CBBD6-1776-47AC-B751-C39734DEAF69}.Release|Any CPU.Build.0 = Release|Any CPU
	EndGlobalSection
	GlobalSection(SolutionProperties) = preSolution
		HideSolutionNode = FALSE
	EndGlobalSection
	GlobalSection(ExtensibilityGlobals) = postSolution
		SolutionGuid = {908ED468-F38A-46DE-B668-01AB62A15A0D}
	EndGlobalSection
EndGlobal
